
Microsoft Visual Studio Solution File, Format Version 12.00
# Visual Studio Version 16
VisualStudioVersion = 16.0.29025.244
MinimumVisualStudioVersion = 10.0.40219.1
Project("{FAE04EC0-301F-11D3-BF4B-00C04F79EFBC}") = "Jayananda Super Centre", "posui\Jayananda Super Centre.csproj", "{65C26757-3ACF-434B-8E28-810CE3652EF6}"
EndProject
Global
	GlobalSection(SolutionConfigurationPlatforms) = preSolution
		Debug|Any CPU = Debug|Any CPU
		Release|Any CPU = Release|Any CPU
	EndGlobalSection
	GlobalSection(ProjectConfigurationPlatforms) = postSolution
		{65C26757-3ACF-434B-8E28-810CE3652EF6}.Debug|Any CPU.ActiveCfg = Debug|Any CPU
		{65C26757-3ACF-434B-8E28-810CE3652EF6}.Debug|Any CPU.Build.0 = Debug|Any CPU
		{65C26757-3ACF-434B-8E28-810CE3652EF6}.Release|Any CPU.ActiveCfg = Release|Any CPU
		{65C26757-3ACF-434B-8E28-810CE3652EF6}.Release|Any CPU.Build.0 = Release|Any CPU
	EndGlobalSection
	GlobalSection(SolutionProperties) = preSolution
		HideSolutionNode = FALSE
	EndGlobalSection
	GlobalSection(ExtensibilityGlobals) = postSolution
		SolutionGuid = {3693D657-4FE1-4314-8262-FFC85BD512B5}
	EndGlobalSection
EndGlobal
